
Microsoft Visual Studio Solution File, Format Version 12.00
# Visual Studio Version 17
VisualStudioVersion = 17.8.34330.188
MinimumVisualStudioVersion = 10.0.40219.1
Project("{FAE04EC0-301F-11D3-BF4B-00C04F79EFBC}") = "Notes", "Notes\Notes.csproj", "{DD9D9EEA-D7EB-46B9-94F5-AFBA0FD6D4CA}"
EndProject
Global
	GlobalSection(SolutionConfigurationPlatforms) = preSolution
		Debug|Any CPU = Debug|Any CPU
		Release|Any CPU = Release|Any CPU
	EndGlobalSection
	GlobalSection(ProjectConfigurationPlatforms) = postSolution
		{DD9D9EEA-D7EB-46B9-94F5-AFBA0FD6D4CA}.Debug|Any CPU.ActiveCfg = Debug|Any CPU
		{DD9D9EEA-D7EB-46B9-94F5-AFBA0FD6D4CA}.Debug|Any CPU.Build.0 = Debug|Any CPU
		{DD9D9EEA-D7EB-46B9-94F5-AFBA0FD6D4CA}.Debug|Any CPU.Deploy.0 = Debug|Any CPU
		{DD9D9EEA-D7EB-46B9-94F5-AFBA0FD6D4CA}.Release|Any CPU.ActiveCfg = Release|Any CPU
		{DD9D9EEA-D7EB-46B9-94F5-AFBA0FD6D4CA}.Release|Any CPU.Build.0 = Release|Any CPU
		{DD9D9EEA-D7EB-46B9-94F5-AFBA0FD6D4CA}.Release|Any CPU.Deploy.0 = Release|Any CPU
	EndGlobalSection
	GlobalSection(SolutionProperties) = preSolution
		HideSolutionNode = FALSE
	EndGlobalSection
	GlobalSection(ExtensibilityGlobals) = postSolution
		SolutionGuid = {8455CA40-A19C-4079-86F8-1BFBD78BD68A}
	EndGlobalSection
EndGlobal
